{
  "name": "promptgineering",
  "lockfileVersion": 2,
  "requires": true,
  "packages": {
    "": {
      "dependencies": {
        "n": "^9.0.0",
        "stable": "^0.1.8"
      }
    },
    "node_modules/n": {
      "version": "9.0.0",
      "resolved": "https://registry.npmjs.org/n/-/n-9.0.0.tgz",
      "integrity": "sha512-OZie4DuAZASChFZnIkf5BYEYEhMe6utRTAWM+98aS6N0pRLNxcDEMwxSsy7is98zTlDICcQB2dym+u10pEOtBg==",
      "os": [
        "!win32"
      ],
      "bin": {
        "n": "bin/n"
      },
      "engines": {
        "node": "*"
      }
    },
    "node_modules/stable": {
      "version": "0.1.8",
      "resolved": "https://registry.npmjs.org/stable/-/stable-0.1.8.tgz",
      "integrity": "sha512-ji9qxRnOVfcuLDySj9qzhGSEFVobyt1kIOSkj1qZzYLzq7Tos/oUUWvotUPQLlrsidqsK6tBH89Bc9kL5zHA6w==",
      "deprecated": "Modern JS already guarantees Array#sort() is a stable sort, so this library is deprecated. See the compatibility table on MDN: https://developer.mozilla.org/en-US/docs/Web/JavaScript/Reference/Global_Objects/Array/sort#browser_compatibility"
    }
  },
  "dependencies": {
    "n": {
      "version": "9.0.0",
      "resolved": "https://registry.npmjs.org/n/-/n-9.0.0.tgz",
      "integrity": "sha512-OZie4DuAZASChFZnIkf5BYEYEhMe6utRTAWM+98aS6N0pRLNxcDEMwxSsy7is98zTlDICcQB2dym+u10pEOtBg=="
    },
    "stable": {
      "version": "0.1.8",
      "resolved": "https://registry.npmjs.org/stable/-/stable-0.1.8.tgz",
      "integrity": "sha512-ji9qxRnOVfcuLDySj9qzhGSEFVobyt1kIOSkj1qZzYLzq7Tos/oUUWvotUPQLlrsidqsK6tBH89Bc9kL5zHA6w=="
    }
  }
}
